{
  "version": 4,
  "terraform_version": "1.12.2",
  "serial": 40,
  "lineage": "6a5041e8-a83b-5e08-d98d-975bbed88a80",
  "outputs": {},
  "resources": [
    {
      "mode": "data",
      "type": "azurerm_client_config",
      "name": "current",
      "provider": "provider[\"registry.terraform.io/hashicorp/azurerm\"]",
      "instances": [
        {
          "schema_version": 0,
          "attributes": {
            "client_id": "04b07795-8ddb-461a-bbee-02f9e1bf7b46",
            "id": "Y2xpZW50Q29uZmlncy9jbGllbnRJZD0wNGIwNzc5NS04ZGRiLTQ2MWEtYmJlZS0wMmY5ZTFiZjdiNDY7b2JqZWN0SWQ9OTQzZDNmMjYtNDBkNi00YzAyLWIxZWMtMjc5N2ZhOGNmMTBjO3N1YnNjcmlwdGlvbklkPTgwNjQ2ODU3LTkxNDItNDk0Yi05MGM1LTMyZmVhNmFjYmM0MTt0ZW5hbnRJZD04NGY1OGNlOS00M2M4LTQ5MzItYjkwOC01OTFhOGEzMDA3ZDM=",
            "object_id": "943d3f26-40d6-4c02-b1ec-2797fa8cf10c",
            "subscription_id": "80646857-9142-494b-90c5-32fea6acbc41",
            "tenant_id": "84f58ce9-43c8-4932-b908-591a8a3007d3",
            "timeouts": null
          },
          "sensitive_attributes": [],
          "identity_schema_version": 0
        }
      ]
    },
    {
      "mode": "managed",
      "type": "azurerm_container_registry",
      "name": "acr_main",
      "provider": "provider[\"registry.terraform.io/hashicorp/azurerm\"]",
      "instances": [
        {
          "schema_version": 2,
          "attributes": {
            "admin_enabled": true,
            "admin_password": "k31PcX4GrzPP3bZTMnzBY+P3i3ReSw/p48CpvbX7cu+ACRBJordy",
            "admin_username": "acrbgbuilderprod2147",
            "anonymous_pull_enabled": false,
            "data_endpoint_enabled": false,
            "data_endpoint_host_names": [],
            "encryption": [],
            "export_policy_enabled": true,
            "georeplications": [],
            "id": "/subscriptions/80646857-9142-494b-90c5-32fea6acbc41/resourceGroups/rg-burgerbuilder-prod/providers/Microsoft.ContainerRegistry/registries/acrbgbuilderprod2147",
            "identity": [],
            "location": "eastus",
            "login_server": "acrbgbuilderprod2147.azurecr.io",
            "name": "acrbgbuilderprod2147",
            "network_rule_bypass_option": "AzureServices",
            "network_rule_set": [],
            "public_network_access_enabled": true,
            "quarantine_policy_enabled": false,
            "resource_group_name": "rg-burgerbuilder-prod",
            "retention_policy_in_days": 0,
            "sku": "Standard",
            "tags": {},
            "timeouts": null,
            "trust_policy_enabled": false,
            "zone_redundancy_enabled": false
          },
          "sensitive_attributes": [
            [
              {
                "type": "get_attr",
                "value": "admin_password"
              }
            ]
          ],
          "identity_schema_version": 0,
          "private": "eyJlMmJmYjczMC1lY2FhLTExZTYtOGY4OC0zNDM2M2JjN2M0YzAiOnsiY3JlYXRlIjoxODAwMDAwMDAwMDAwLCJkZWxldGUiOjE4MDAwMDAwMDAwMDAsInJlYWQiOjMwMDAwMDAwMDAwMCwidXBkYXRlIjoxODAwMDAwMDAwMDAwfSwic2NoZW1hX3ZlcnNpb24iOiIyIn0=",
          "dependencies": [
            "azurerm_resource_group.rg_main",
            "random_integer.random"
          ]
        }
      ]
    },
    {
      "mode": "managed",
      "type": "azurerm_key_vault",
      "name": "kv_main",
      "provider": "provider[\"registry.terraform.io/hashicorp/azurerm\"]",
      "instances": [
        {
          "schema_version": 2,
          "attributes": {
            "access_policy": [],
            "contact": [],
            "enable_rbac_authorization": false,
            "enabled_for_deployment": false,
            "enabled_for_disk_encryption": false,
            "enabled_for_template_deployment": false,
            "id": "/subscriptions/80646857-9142-494b-90c5-32fea6acbc41/resourceGroups/rg-burgerbuilder-prod/providers/Microsoft.KeyVault/vaults/kv-bgbuilder-prod-2147",
            "location": "eastus",
            "name": "kv-bgbuilder-prod-2147",
            "network_acls": [
              {
                "bypass": "AzureServices",
                "default_action": "Allow",
                "ip_rules": [],
                "virtual_network_subnet_ids": []
              }
            ],
            "public_network_access_enabled": false,
            "purge_protection_enabled": true,
            "rbac_authorization_enabled": false,
            "resource_group_name": "rg-burgerbuilder-prod",
            "sku_name": "standard",
            "soft_delete_retention_days": 7,
            "tags": {},
            "tenant_id": "84f58ce9-43c8-4932-b908-591a8a3007d3",
            "timeouts": null,
            "vault_uri": "https://kv-bgbuilder-prod-2147.vault.azure.net/"
          },
          "sensitive_attributes": [],
          "identity_schema_version": 0,
          "private": "eyJlMmJmYjczMC1lY2FhLTExZTYtOGY4OC0zNDM2M2JjN2M0YzAiOnsiY3JlYXRlIjoxODAwMDAwMDAwMDAwLCJkZWxldGUiOjE4MDAwMDAwMDAwMDAsInJlYWQiOjMwMDAwMDAwMDAwMCwidXBkYXRlIjoxODAwMDAwMDAwMDAwfSwic2NoZW1hX3ZlcnNpb24iOiIyIn0=",
          "dependencies": [
            "azurerm_resource_group.rg_main",
            "data.azurerm_client_config.current",
            "random_integer.random"
          ]
        }
      ]
    },
    {
      "mode": "managed",
      "type": "azurerm_network_security_group",
      "name": "nsg_appgw",
      "provider": "provider[\"registry.terraform.io/hashicorp/azurerm\"]",
      "instances": [
        {
          "schema_version": 0,
          "attributes": {
            "id": "/subscriptions/80646857-9142-494b-90c5-32fea6acbc41/resourceGroups/rg-burgerbuilder-prod/providers/Microsoft.Network/networkSecurityGroups/nsg-appgw",
            "location": "eastus",
            "name": "nsg-appgw",
            "resource_group_name": "rg-burgerbuilder-prod",
            "security_rule": [],
            "tags": {},
            "timeouts": null
          },
          "sensitive_attributes": [],
          "identity_schema_version": 0,
          "identity": {
            "name": "nsg-appgw",
            "resource_group_name": "rg-burgerbuilder-prod",
            "subscription_id": "80646857-9142-494b-90c5-32fea6acbc41"
          },
          "private": "eyJlMmJmYjczMC1lY2FhLTExZTYtOGY4OC0zNDM2M2JjN2M0YzAiOnsiY3JlYXRlIjoxODAwMDAwMDAwMDAwLCJkZWxldGUiOjE4MDAwMDAwMDAwMDAsInJlYWQiOjMwMDAwMDAwMDAwMCwidXBkYXRlIjoxODAwMDAwMDAwMDAwfX0=",
          "dependencies": [
            "azurerm_resource_group.rg_main"
          ]
        }
      ]
    },
    {
      "mode": "managed",
      "type": "azurerm_network_security_group",
      "name": "nsg_backend",
      "provider": "provider[\"registry.terraform.io/hashicorp/azurerm\"]",
      "instances": [
        {
          "schema_version": 0,
          "attributes": {
            "id": "/subscriptions/80646857-9142-494b-90c5-32fea6acbc41/resourceGroups/rg-burgerbuilder-prod/providers/Microsoft.Network/networkSecurityGroups/nsg-backend",
            "location": "eastus",
            "name": "nsg-backend",
            "resource_group_name": "rg-burgerbuilder-prod",
            "security_rule": [
              {
                "access": "Allow",
                "description": "",
                "destination_address_prefix": "*",
                "destination_address_prefixes": [],
                "destination_application_security_group_ids": [],
                "destination_port_range": "22",
                "destination_port_ranges": [],
                "direction": "Inbound",
                "name": "Allow_SSH_from_Ops_Backend",
                "priority": 120,
                "protocol": "Tcp",
                "source_address_prefix": "10.0.30.0/24",
                "source_address_prefixes": [],
                "source_application_security_group_ids": [],
                "source_port_range": "*",
                "source_port_ranges": []
              },
              {
                "access": "Allow",
                "description": "",
                "destination_address_prefix": "*",
                "destination_address_prefixes": [],
                "destination_application_security_group_ids": [],
                "destination_port_range": "8080",
                "destination_port_ranges": [],
                "direction": "Inbound",
                "name": "Allow_Frontend_to_Backend_API",
                "priority": 110,
                "protocol": "Tcp",
                "source_address_prefix": "10.0.10.0/24",
                "source_address_prefixes": [],
                "source_application_security_group_ids": [],
                "source_port_range": "*",
                "source_port_ranges": []
              }
            ],
            "tags": {},
            "timeouts": null
          },
          "sensitive_attributes": [],
          "identity_schema_version": 0,
          "identity": {
            "name": "nsg-backend",
            "resource_group_name": "rg-burgerbuilder-prod",
            "subscription_id": "80646857-9142-494b-90c5-32fea6acbc41"
          },
          "private": "eyJlMmJmYjczMC1lY2FhLTExZTYtOGY4OC0zNDM2M2JjN2M0YzAiOnsiY3JlYXRlIjoxODAwMDAwMDAwMDAwLCJkZWxldGUiOjE4MDAwMDAwMDAwMDAsInJlYWQiOjMwMDAwMDAwMDAwMCwidXBkYXRlIjoxODAwMDAwMDAwMDAwfX0=",
          "dependencies": [
            "azurerm_resource_group.rg_main"
          ]
        }
      ]
    },
    {
      "mode": "managed",
      "type": "azurerm_network_security_group",
      "name": "nsg_frontend",
      "provider": "provider[\"registry.terraform.io/hashicorp/azurerm\"]",
      "instances": [
        {
          "schema_version": 0,
          "attributes": {
            "id": "/subscriptions/80646857-9142-494b-90c5-32fea6acbc41/resourceGroups/rg-burgerbuilder-prod/providers/Microsoft.Network/networkSecurityGroups/nsg-frontend",
            "location": "eastus",
            "name": "nsg-frontend",
            "resource_group_name": "rg-burgerbuilder-prod",
            "security_rule": [
              {
                "access": "Allow",
                "description": "",
                "destination_address_prefix": "*",
                "destination_address_prefixes": [],
                "destination_application_security_group_ids": [],
                "destination_port_range": "",
                "destination_port_ranges": [
                  "443",
                  "80"
                ],
                "direction": "Inbound",
                "name": "Allow_AppGW_to_Frontend",
                "priority": 100,
                "protocol": "Tcp",
                "source_address_prefix": "10.0.1.0/24",
                "source_address_prefixes": [],
                "source_application_security_group_ids": [],
                "source_port_range": "*",
                "source_port_ranges": []
              },
              {
                "access": "Allow",
                "description": "",
                "destination_address_prefix": "*",
                "destination_address_prefixes": [],
                "destination_application_security_group_ids": [],
                "destination_port_range": "22",
                "destination_port_ranges": [],
                "direction": "Inbound",
                "name": "Allow_SSH_from_Ops",
                "priority": 120,
                "protocol": "Tcp",
                "source_address_prefix": "10.0.30.0/24",
                "source_address_prefixes": [],
                "source_application_security_group_ids": [],
                "source_port_range": "*",
                "source_port_ranges": []
              }
            ],
            "tags": {},
            "timeouts": null
          },
          "sensitive_attributes": [],
          "identity_schema_version": 0,
          "identity": {
            "name": "nsg-frontend",
            "resource_group_name": "rg-burgerbuilder-prod",
            "subscription_id": "80646857-9142-494b-90c5-32fea6acbc41"
          },
          "private": "eyJlMmJmYjczMC1lY2FhLTExZTYtOGY4OC0zNDM2M2JjN2M0YzAiOnsiY3JlYXRlIjoxODAwMDAwMDAwMDAwLCJkZWxldGUiOjE4MDAwMDAwMDAwMDAsInJlYWQiOjMwMDAwMDAwMDAwMCwidXBkYXRlIjoxODAwMDAwMDAwMDAwfX0=",
          "dependencies": [
            "azurerm_resource_group.rg_main"
          ]
        }
      ]
    },
    {
      "mode": "managed",
      "type": "azurerm_network_security_group",
      "name": "nsg_ops",
      "provider": "provider[\"registry.terraform.io/hashicorp/azurerm\"]",
      "instances": [
        {
          "schema_version": 0,
          "attributes": {
            "id": "/subscriptions/80646857-9142-494b-90c5-32fea6acbc41/resourceGroups/rg-burgerbuilder-prod/providers/Microsoft.Network/networkSecurityGroups/nsg-ops",
            "location": "eastus",
            "name": "nsg-ops",
            "resource_group_name": "rg-burgerbuilder-prod",
            "security_rule": [],
            "tags": {},
            "timeouts": null
          },
          "sensitive_attributes": [],
          "identity_schema_version": 0,
          "identity": {
            "name": "nsg-ops",
            "resource_group_name": "rg-burgerbuilder-prod",
            "subscription_id": "80646857-9142-494b-90c5-32fea6acbc41"
          },
          "private": "eyJlMmJmYjczMC1lY2FhLTExZTYtOGY4OC0zNDM2M2JjN2M0YzAiOnsiY3JlYXRlIjoxODAwMDAwMDAwMDAwLCJkZWxldGUiOjE4MDAwMDAwMDAwMDAsInJlYWQiOjMwMDAwMDAwMDAwMCwidXBkYXRlIjoxODAwMDAwMDAwMDAwfX0=",
          "dependencies": [
            "azurerm_resource_group.rg_main"
          ]
        }
      ]
    },
    {
      "mode": "managed",
      "type": "azurerm_network_security_rule",
      "name": "rule_appgw_to_frontend",
      "provider": "provider[\"registry.terraform.io/hashicorp/azurerm\"]",
      "instances": [
        {
          "schema_version": 0,
          "attributes": {
            "access": "Allow",
            "description": "",
            "destination_address_prefix": "*",
            "destination_address_prefixes": [],
            "destination_application_security_group_ids": [],
            "destination_port_range": "",
            "destination_port_ranges": [
              "443",
              "80"
            ],
            "direction": "Inbound",
            "id": "/subscriptions/80646857-9142-494b-90c5-32fea6acbc41/resourceGroups/rg-burgerbuilder-prod/providers/Microsoft.Network/networkSecurityGroups/nsg-frontend/securityRules/Allow_AppGW_to_Frontend",
            "name": "Allow_AppGW_to_Frontend",
            "network_security_group_name": "nsg-frontend",
            "priority": 100,
            "protocol": "Tcp",
            "resource_group_name": "rg-burgerbuilder-prod",
            "source_address_prefix": "10.0.1.0/24",
            "source_address_prefixes": [],
            "source_application_security_group_ids": [],
            "source_port_range": "*",
            "source_port_ranges": [],
            "timeouts": null
          },
          "sensitive_attributes": [],
          "identity_schema_version": 0,
          "identity": {
            "name": "Allow_AppGW_to_Frontend",
            "network_security_group_name": "nsg-frontend",
            "resource_group_name": "rg-burgerbuilder-prod",
            "subscription_id": "80646857-9142-494b-90c5-32fea6acbc41"
          },
          "private": "eyJlMmJmYjczMC1lY2FhLTExZTYtOGY4OC0zNDM2M2JjN2M0YzAiOnsiY3JlYXRlIjoxODAwMDAwMDAwMDAwLCJkZWxldGUiOjE4MDAwMDAwMDAwMDAsInJlYWQiOjMwMDAwMDAwMDAwMCwidXBkYXRlIjoxODAwMDAwMDAwMDAwfX0=",
          "dependencies": [
            "azurerm_network_security_group.nsg_frontend",
            "azurerm_resource_group.rg_main",
            "azurerm_subnet.snet_appgw",
            "azurerm_virtual_network.vnet_main"
          ]
        }
      ]
    },
    {
      "mode": "managed",
      "type": "azurerm_network_security_rule",
      "name": "rule_frontend_to_backend",
      "provider": "provider[\"registry.terraform.io/hashicorp/azurerm\"]",
      "instances": [
        {
          "schema_version": 0,
          "attributes": {
            "access": "Allow",
            "description": "",
            "destination_address_prefix": "*",
            "destination_address_prefixes": [],
            "destination_application_security_group_ids": [],
            "destination_port_range": "8080",
            "destination_port_ranges": [],
            "direction": "Inbound",
            "id": "/subscriptions/80646857-9142-494b-90c5-32fea6acbc41/resourceGroups/rg-burgerbuilder-prod/providers/Microsoft.Network/networkSecurityGroups/nsg-backend/securityRules/Allow_Frontend_to_Backend_API",
            "name": "Allow_Frontend_to_Backend_API",
            "network_security_group_name": "nsg-backend",
            "priority": 110,
            "protocol": "Tcp",
            "resource_group_name": "rg-burgerbuilder-prod",
            "source_address_prefix": "10.0.10.0/24",
            "source_address_prefixes": [],
            "source_application_security_group_ids": [],
            "source_port_range": "*",
            "source_port_ranges": [],
            "timeouts": null
          },
          "sensitive_attributes": [],
          "identity_schema_version": 0,
          "identity": {
            "name": "Allow_Frontend_to_Backend_API",
            "network_security_group_name": "nsg-backend",
            "resource_group_name": "rg-burgerbuilder-prod",
            "subscription_id": "80646857-9142-494b-90c5-32fea6acbc41"
          },
          "private": "eyJlMmJmYjczMC1lY2FhLTExZTYtOGY4OC0zNDM2M2JjN2M0YzAiOnsiY3JlYXRlIjoxODAwMDAwMDAwMDAwLCJkZWxldGUiOjE4MDAwMDAwMDAwMDAsInJlYWQiOjMwMDAwMDAwMDAwMCwidXBkYXRlIjoxODAwMDAwMDAwMDAwfX0=",
          "dependencies": [
            "azurerm_network_security_group.nsg_backend",
            "azurerm_resource_group.rg_main",
            "azurerm_subnet.snet_frontend",
            "azurerm_virtual_network.vnet_main"
          ]
        }
      ]
    },
    {
      "mode": "managed",
      "type": "azurerm_network_security_rule",
      "name": "rule_ssh_ops",
      "provider": "provider[\"registry.terraform.io/hashicorp/azurerm\"]",
      "instances": [
        {
          "schema_version": 0,
          "attributes": {
            "access": "Allow",
            "description": "",
            "destination_address_prefix": "*",
            "destination_address_prefixes": [],
            "destination_application_security_group_ids": [],
            "destination_port_range": "22",
            "destination_port_ranges": [],
            "direction": "Inbound",
            "id": "/subscriptions/80646857-9142-494b-90c5-32fea6acbc41/resourceGroups/rg-burgerbuilder-prod/providers/Microsoft.Network/networkSecurityGroups/nsg-frontend/securityRules/Allow_SSH_from_Ops",
            "name": "Allow_SSH_from_Ops",
            "network_security_group_name": "nsg-frontend",
            "priority": 120,
            "protocol": "Tcp",
            "resource_group_name": "rg-burgerbuilder-prod",
            "source_address_prefix": "10.0.30.0/24",
            "source_address_prefixes": [],
            "source_application_security_group_ids": [],
            "source_port_range": "*",
            "source_port_ranges": [],
            "timeouts": null
          },
          "sensitive_attributes": [],
          "identity_schema_version": 0,
          "identity": {
            "name": "Allow_SSH_from_Ops",
            "network_security_group_name": "nsg-frontend",
            "resource_group_name": "rg-burgerbuilder-prod",
            "subscription_id": "80646857-9142-494b-90c5-32fea6acbc41"
          },
          "private": "eyJlMmJmYjczMC1lY2FhLTExZTYtOGY4OC0zNDM2M2JjN2M0YzAiOnsiY3JlYXRlIjoxODAwMDAwMDAwMDAwLCJkZWxldGUiOjE4MDAwMDAwMDAwMDAsInJlYWQiOjMwMDAwMDAwMDAwMCwidXBkYXRlIjoxODAwMDAwMDAwMDAwfX0=",
          "dependencies": [
            "azurerm_network_security_group.nsg_frontend",
            "azurerm_resource_group.rg_main",
            "azurerm_subnet.snet_ops",
            "azurerm_virtual_network.vnet_main"
          ]
        }
      ]
    },
    {
      "mode": "managed",
      "type": "azurerm_network_security_rule",
      "name": "rule_ssh_ops_backend",
      "provider": "provider[\"registry.terraform.io/hashicorp/azurerm\"]",
      "instances": [
        {
          "schema_version": 0,
          "attributes": {
            "access": "Allow",
            "description": "",
            "destination_address_prefix": "*",
            "destination_address_prefixes": [],
            "destination_application_security_group_ids": [],
            "destination_port_range": "22",
            "destination_port_ranges": [],
            "direction": "Inbound",
            "id": "/subscriptions/80646857-9142-494b-90c5-32fea6acbc41/resourceGroups/rg-burgerbuilder-prod/providers/Microsoft.Network/networkSecurityGroups/nsg-backend/securityRules/Allow_SSH_from_Ops_Backend",
            "name": "Allow_SSH_from_Ops_Backend",
            "network_security_group_name": "nsg-backend",
            "priority": 120,
            "protocol": "Tcp",
            "resource_group_name": "rg-burgerbuilder-prod",
            "source_address_prefix": "10.0.30.0/24",
            "source_address_prefixes": [],
            "source_application_security_group_ids": [],
            "source_port_range": "*",
            "source_port_ranges": [],
            "timeouts": null
          },
          "sensitive_attributes": [],
          "identity_schema_version": 0,
          "identity": {
            "name": "Allow_SSH_from_Ops_Backend",
            "network_security_group_name": "nsg-backend",
            "resource_group_name": "rg-burgerbuilder-prod",
            "subscription_id": "80646857-9142-494b-90c5-32fea6acbc41"
          },
          "private": "eyJlMmJmYjczMC1lY2FhLTExZTYtOGY4OC0zNDM2M2JjN2M0YzAiOnsiY3JlYXRlIjoxODAwMDAwMDAwMDAwLCJkZWxldGUiOjE4MDAwMDAwMDAwMDAsInJlYWQiOjMwMDAwMDAwMDAwMCwidXBkYXRlIjoxODAwMDAwMDAwMDAwfX0=",
          "dependencies": [
            "azurerm_network_security_group.nsg_backend",
            "azurerm_resource_group.rg_main",
            "azurerm_subnet.snet_ops",
            "azurerm_virtual_network.vnet_main"
          ]
        }
      ]
    },
    {
      "mode": "managed",
      "type": "azurerm_resource_group",
      "name": "rg_main",
      "provider": "provider[\"registry.terraform.io/hashicorp/azurerm\"]",
      "instances": [
        {
          "schema_version": 0,
          "attributes": {
            "id": "/subscriptions/4421688c-0a8d-4588-8dd0-338c5271d0af/resourceGroups/rg-burgerbuilder-prod",
            "location": "eastus",
            "managed_by": "",
            "name": "rg-burgerbuilder-prod",
            "tags": {},
            "timeouts": null
          },
          "sensitive_attributes": [],
          "identity_schema_version": 0,
          "private": "eyJlMmJmYjczMC1lY2FhLTExZTYtOGY4OC0zNDM2M2JjN2M0YzAiOnsiY3JlYXRlIjo1NDAwMDAwMDAwMDAwLCJkZWxldGUiOjU0MDAwMDAwMDAwMDAsInJlYWQiOjMwMDAwMDAwMDAwMCwidXBkYXRlIjo1NDAwMDAwMDAwMDAwfX0="
        }
      ]
    },
    {
      "mode": "managed",
      "type": "azurerm_subnet",
      "name": "snet_appgw",
      "provider": "provider[\"registry.terraform.io/hashicorp/azurerm\"]",
      "instances": [
        {
          "schema_version": 0,
          "attributes": {
            "address_prefixes": [
              "10.0.1.0/24"
            ],
            "default_outbound_access_enabled": true,
            "delegation": [],
            "id": "/subscriptions/80646857-9142-494b-90c5-32fea6acbc41/resourceGroups/rg-burgerbuilder-prod/providers/Microsoft.Network/virtualNetworks/vnet-burgerbuilder-prod/subnets/snet-appgw",
            "ip_address_pool": [],
            "name": "snet-appgw",
            "private_endpoint_network_policies": "Disabled",
            "private_link_service_network_policies_enabled": true,
            "resource_group_name": "rg-burgerbuilder-prod",
            "service_endpoint_policy_ids": [],
            "service_endpoints": [],
            "sharing_scope": "",
            "timeouts": null,
            "virtual_network_name": "vnet-burgerbuilder-prod"
          },
          "sensitive_attributes": [],
          "identity_schema_version": 0,
          "identity": {
            "name": "snet-appgw",
            "resource_group_name": "rg-burgerbuilder-prod",
            "subscription_id": "80646857-9142-494b-90c5-32fea6acbc41",
            "virtual_network_name": "vnet-burgerbuilder-prod"
          },
          "private": "eyJlMmJmYjczMC1lY2FhLTExZTYtOGY4OC0zNDM2M2JjN2M0YzAiOnsiY3JlYXRlIjoxODAwMDAwMDAwMDAwLCJkZWxldGUiOjE4MDAwMDAwMDAwMDAsInJlYWQiOjMwMDAwMDAwMDAwMCwidXBkYXRlIjoxODAwMDAwMDAwMDAwfX0=",
          "dependencies": [
            "azurerm_resource_group.rg_main",
            "azurerm_virtual_network.vnet_main"
          ]
        }
      ]
    },
    {
      "mode": "managed",
      "type": "azurerm_subnet",
      "name": "snet_backend",
      "provider": "provider[\"registry.terraform.io/hashicorp/azurerm\"]",
      "instances": [
        {
          "schema_version": 0,
          "attributes": {
            "address_prefixes": [
              "10.0.20.0/24"
            ],
            "default_outbound_access_enabled": true,
            "delegation": [],
            "id": "/subscriptions/80646857-9142-494b-90c5-32fea6acbc41/resourceGroups/rg-burgerbuilder-prod/providers/Microsoft.Network/virtualNetworks/vnet-burgerbuilder-prod/subnets/snet-backend",
            "ip_address_pool": [],
            "name": "snet-backend",
            "private_endpoint_network_policies": "Disabled",
            "private_link_service_network_policies_enabled": true,
            "resource_group_name": "rg-burgerbuilder-prod",
            "service_endpoint_policy_ids": [],
            "service_endpoints": [],
            "sharing_scope": "",
            "timeouts": null,
            "virtual_network_name": "vnet-burgerbuilder-prod"
          },
          "sensitive_attributes": [],
          "identity_schema_version": 0,
          "identity": {
            "name": "snet-backend",
            "resource_group_name": "rg-burgerbuilder-prod",
            "subscription_id": "80646857-9142-494b-90c5-32fea6acbc41",
            "virtual_network_name": "vnet-burgerbuilder-prod"
          },
          "private": "eyJlMmJmYjczMC1lY2FhLTExZTYtOGY4OC0zNDM2M2JjN2M0YzAiOnsiY3JlYXRlIjoxODAwMDAwMDAwMDAwLCJkZWxldGUiOjE4MDAwMDAwMDAwMDAsInJlYWQiOjMwMDAwMDAwMDAwMCwidXBkYXRlIjoxODAwMDAwMDAwMDAwfX0=",
          "dependencies": [
            "azurerm_resource_group.rg_main",
            "azurerm_virtual_network.vnet_main"
          ]
        }
      ]
    },
    {
      "mode": "managed",
      "type": "azurerm_subnet",
      "name": "snet_data",
      "provider": "provider[\"registry.terraform.io/hashicorp/azurerm\"]",
      "instances": [
        {
          "schema_version": 0,
          "attributes": {
            "address_prefixes": [
              "10.0.40.0/24"
            ],
            "default_outbound_access_enabled": true,
            "delegation": [],
            "id": "/subscriptions/80646857-9142-494b-90c5-32fea6acbc41/resourceGroups/rg-burgerbuilder-prod/providers/Microsoft.Network/virtualNetworks/vnet-burgerbuilder-prod/subnets/snet-data",
            "ip_address_pool": [],
            "name": "snet-data",
            "private_endpoint_network_policies": "Disabled",
            "private_link_service_network_policies_enabled": true,
            "resource_group_name": "rg-burgerbuilder-prod",
            "service_endpoint_policy_ids": [],
            "service_endpoints": [],
            "sharing_scope": "",
            "timeouts": null,
            "virtual_network_name": "vnet-burgerbuilder-prod"
          },
          "sensitive_attributes": [],
          "identity_schema_version": 0,
          "identity": {
            "name": "snet-data",
            "resource_group_name": "rg-burgerbuilder-prod",
            "subscription_id": "80646857-9142-494b-90c5-32fea6acbc41",
            "virtual_network_name": "vnet-burgerbuilder-prod"
          },
          "private": "eyJlMmJmYjczMC1lY2FhLTExZTYtOGY4OC0zNDM2M2JjN2M0YzAiOnsiY3JlYXRlIjoxODAwMDAwMDAwMDAwLCJkZWxldGUiOjE4MDAwMDAwMDAwMDAsInJlYWQiOjMwMDAwMDAwMDAwMCwidXBkYXRlIjoxODAwMDAwMDAwMDAwfX0=",
          "dependencies": [
            "azurerm_resource_group.rg_main",
            "azurerm_virtual_network.vnet_main"
          ]
        }
      ]
    },
    {
      "mode": "managed",
      "type": "azurerm_subnet",
      "name": "snet_frontend",
      "provider": "provider[\"registry.terraform.io/hashicorp/azurerm\"]",
      "instances": [
        {
          "schema_version": 0,
          "attributes": {
            "address_prefixes": [
              "10.0.10.0/24"
            ],
            "default_outbound_access_enabled": true,
            "delegation": [],
            "id": "/subscriptions/80646857-9142-494b-90c5-32fea6acbc41/resourceGroups/rg-burgerbuilder-prod/providers/Microsoft.Network/virtualNetworks/vnet-burgerbuilder-prod/subnets/snet-frontend",
            "ip_address_pool": [],
            "name": "snet-frontend",
            "private_endpoint_network_policies": "Disabled",
            "private_link_service_network_policies_enabled": true,
            "resource_group_name": "rg-burgerbuilder-prod",
            "service_endpoint_policy_ids": [],
            "service_endpoints": [],
            "sharing_scope": "",
            "timeouts": null,
            "virtual_network_name": "vnet-burgerbuilder-prod"
          },
          "sensitive_attributes": [],
          "identity_schema_version": 0,
          "identity": {
            "name": "snet-frontend",
            "resource_group_name": "rg-burgerbuilder-prod",
            "subscription_id": "80646857-9142-494b-90c5-32fea6acbc41",
            "virtual_network_name": "vnet-burgerbuilder-prod"
          },
          "private": "eyJlMmJmYjczMC1lY2FhLTExZTYtOGY4OC0zNDM2M2JjN2M0YzAiOnsiY3JlYXRlIjoxODAwMDAwMDAwMDAwLCJkZWxldGUiOjE4MDAwMDAwMDAwMDAsInJlYWQiOjMwMDAwMDAwMDAwMCwidXBkYXRlIjoxODAwMDAwMDAwMDAwfX0=",
          "dependencies": [
            "azurerm_resource_group.rg_main",
            "azurerm_virtual_network.vnet_main"
          ]
        }
      ]
    },
    {
      "mode": "managed",
      "type": "azurerm_subnet",
      "name": "snet_ops",
      "provider": "provider[\"registry.terraform.io/hashicorp/azurerm\"]",
      "instances": [
        {
          "schema_version": 0,
          "attributes": {
            "address_prefixes": [
              "10.0.30.0/24"
            ],
            "default_outbound_access_enabled": true,
            "delegation": [],
            "id": "/subscriptions/80646857-9142-494b-90c5-32fea6acbc41/resourceGroups/rg-burgerbuilder-prod/providers/Microsoft.Network/virtualNetworks/vnet-burgerbuilder-prod/subnets/snet-ops",
            "ip_address_pool": [],
            "name": "snet-ops",
            "private_endpoint_network_policies": "Disabled",
            "private_link_service_network_policies_enabled": true,
            "resource_group_name": "rg-burgerbuilder-prod",
            "service_endpoint_policy_ids": [],
            "service_endpoints": [],
            "sharing_scope": "",
            "timeouts": null,
            "virtual_network_name": "vnet-burgerbuilder-prod"
          },
          "sensitive_attributes": [],
          "identity_schema_version": 0,
          "identity": {
            "name": "snet-ops",
            "resource_group_name": "rg-burgerbuilder-prod",
            "subscription_id": "80646857-9142-494b-90c5-32fea6acbc41",
            "virtual_network_name": "vnet-burgerbuilder-prod"
          },
          "private": "eyJlMmJmYjczMC1lY2FhLTExZTYtOGY4OC0zNDM2M2JjN2M0YzAiOnsiY3JlYXRlIjoxODAwMDAwMDAwMDAwLCJkZWxldGUiOjE4MDAwMDAwMDAwMDAsInJlYWQiOjMwMDAwMDAwMDAwMCwidXBkYXRlIjoxODAwMDAwMDAwMDAwfX0=",
          "dependencies": [
            "azurerm_resource_group.rg_main",
            "azurerm_virtual_network.vnet_main"
          ]
        }
      ]
    },
    {
      "mode": "managed",
      "type": "azurerm_subnet_network_security_group_association",
      "name": "appgw_nsg_assoc",
      "provider": "provider[\"registry.terraform.io/hashicorp/azurerm\"]",
      "instances": [
        {
          "schema_version": 0,
          "attributes": {
            "id": "/subscriptions/80646857-9142-494b-90c5-32fea6acbc41/resourceGroups/rg-burgerbuilder-prod/providers/Microsoft.Network/virtualNetworks/vnet-burgerbuilder-prod/subnets/snet-appgw",
            "network_security_group_id": "/subscriptions/80646857-9142-494b-90c5-32fea6acbc41/resourceGroups/rg-burgerbuilder-prod/providers/Microsoft.Network/networkSecurityGroups/nsg-appgw",
            "subnet_id": "/subscriptions/80646857-9142-494b-90c5-32fea6acbc41/resourceGroups/rg-burgerbuilder-prod/providers/Microsoft.Network/virtualNetworks/vnet-burgerbuilder-prod/subnets/snet-appgw",
            "timeouts": null
          },
          "sensitive_attributes": [],
          "identity_schema_version": 0,
          "private": "eyJlMmJmYjczMC1lY2FhLTExZTYtOGY4OC0zNDM2M2JjN2M0YzAiOnsiY3JlYXRlIjoxODAwMDAwMDAwMDAwLCJkZWxldGUiOjE4MDAwMDAwMDAwMDAsInJlYWQiOjMwMDAwMDAwMDAwMH19",
          "dependencies": [
            "azurerm_network_security_group.nsg_appgw",
            "azurerm_resource_group.rg_main",
            "azurerm_subnet.snet_appgw",
            "azurerm_virtual_network.vnet_main"
          ]
        }
      ]
    },
    {
      "mode": "managed",
      "type": "azurerm_subnet_network_security_group_association",
      "name": "backend_nsg_assoc",
      "provider": "provider[\"registry.terraform.io/hashicorp/azurerm\"]",
      "instances": [
        {
          "schema_version": 0,
          "attributes": {
            "id": "/subscriptions/80646857-9142-494b-90c5-32fea6acbc41/resourceGroups/rg-burgerbuilder-prod/providers/Microsoft.Network/virtualNetworks/vnet-burgerbuilder-prod/subnets/snet-backend",
            "network_security_group_id": "/subscriptions/80646857-9142-494b-90c5-32fea6acbc41/resourceGroups/rg-burgerbuilder-prod/providers/Microsoft.Network/networkSecurityGroups/nsg-backend",
            "subnet_id": "/subscriptions/80646857-9142-494b-90c5-32fea6acbc41/resourceGroups/rg-burgerbuilder-prod/providers/Microsoft.Network/virtualNetworks/vnet-burgerbuilder-prod/subnets/snet-backend",
            "timeouts": null
          },
          "sensitive_attributes": [],
          "identity_schema_version": 0,
          "private": "eyJlMmJmYjczMC1lY2FhLTExZTYtOGY4OC0zNDM2M2JjN2M0YzAiOnsiY3JlYXRlIjoxODAwMDAwMDAwMDAwLCJkZWxldGUiOjE4MDAwMDAwMDAwMDAsInJlYWQiOjMwMDAwMDAwMDAwMH19",
          "dependencies": [
            "azurerm_network_security_group.nsg_backend",
            "azurerm_resource_group.rg_main",
            "azurerm_subnet.snet_backend",
            "azurerm_virtual_network.vnet_main"
          ]
        }
      ]
    },
    {
      "mode": "managed",
      "type": "azurerm_subnet_network_security_group_association",
      "name": "frontend_nsg_assoc",
      "provider": "provider[\"registry.terraform.io/hashicorp/azurerm\"]",
      "instances": [
        {
          "schema_version": 0,
          "attributes": {
            "id": "/subscriptions/80646857-9142-494b-90c5-32fea6acbc41/resourceGroups/rg-burgerbuilder-prod/providers/Microsoft.Network/virtualNetworks/vnet-burgerbuilder-prod/subnets/snet-frontend",
            "network_security_group_id": "/subscriptions/80646857-9142-494b-90c5-32fea6acbc41/resourceGroups/rg-burgerbuilder-prod/providers/Microsoft.Network/networkSecurityGroups/nsg-frontend",
            "subnet_id": "/subscriptions/80646857-9142-494b-90c5-32fea6acbc41/resourceGroups/rg-burgerbuilder-prod/providers/Microsoft.Network/virtualNetworks/vnet-burgerbuilder-prod/subnets/snet-frontend",
            "timeouts": null
          },
          "sensitive_attributes": [],
          "identity_schema_version": 0,
          "private": "eyJlMmJmYjczMC1lY2FhLTExZTYtOGY4OC0zNDM2M2JjN2M0YzAiOnsiY3JlYXRlIjoxODAwMDAwMDAwMDAwLCJkZWxldGUiOjE4MDAwMDAwMDAwMDAsInJlYWQiOjMwMDAwMDAwMDAwMH19",
          "dependencies": [
            "azurerm_network_security_group.nsg_frontend",
            "azurerm_resource_group.rg_main",
            "azurerm_subnet.snet_frontend",
            "azurerm_virtual_network.vnet_main"
          ]
        }
      ]
    },
    {
      "mode": "managed",
      "type": "azurerm_subnet_network_security_group_association",
      "name": "ops_nsg_assoc",
      "provider": "provider[\"registry.terraform.io/hashicorp/azurerm\"]",
      "instances": [
        {
          "schema_version": 0,
          "attributes": {
            "id": "/subscriptions/80646857-9142-494b-90c5-32fea6acbc41/resourceGroups/rg-burgerbuilder-prod/providers/Microsoft.Network/virtualNetworks/vnet-burgerbuilder-prod/subnets/snet-ops",
            "network_security_group_id": "/subscriptions/80646857-9142-494b-90c5-32fea6acbc41/resourceGroups/rg-burgerbuilder-prod/providers/Microsoft.Network/networkSecurityGroups/nsg-ops",
            "subnet_id": "/subscriptions/80646857-9142-494b-90c5-32fea6acbc41/resourceGroups/rg-burgerbuilder-prod/providers/Microsoft.Network/virtualNetworks/vnet-burgerbuilder-prod/subnets/snet-ops",
            "timeouts": null
          },
          "sensitive_attributes": [],
          "identity_schema_version": 0,
          "private": "eyJlMmJmYjczMC1lY2FhLTExZTYtOGY4OC0zNDM2M2JjN2M0YzAiOnsiY3JlYXRlIjoxODAwMDAwMDAwMDAwLCJkZWxldGUiOjE4MDAwMDAwMDAwMDAsInJlYWQiOjMwMDAwMDAwMDAwMH19",
          "dependencies": [
            "azurerm_network_security_group.nsg_ops",
            "azurerm_resource_group.rg_main",
            "azurerm_subnet.snet_ops",
            "azurerm_virtual_network.vnet_main"
          ]
        }
      ]
    },
    {
      "mode": "managed",
      "type": "azurerm_virtual_network",
      "name": "vnet_main",
      "provider": "provider[\"registry.terraform.io/hashicorp/azurerm\"]",
      "instances": [
        {
          "schema_version": 0,
          "attributes": {
            "address_space": [
              "10.0.0.0/16"
            ],
            "bgp_community": "",
            "ddos_protection_plan": [],
            "dns_servers": [],
            "edge_zone": "",
            "encryption": [],
            "flow_timeout_in_minutes": 0,
            "guid": "6930e46c-6744-44ef-bd6c-e23bfdebea01",
            "id": "/subscriptions/80646857-9142-494b-90c5-32fea6acbc41/resourceGroups/rg-burgerbuilder-prod/providers/Microsoft.Network/virtualNetworks/vnet-burgerbuilder-prod",
            "ip_address_pool": [],
            "location": "eastus",
            "name": "vnet-burgerbuilder-prod",
            "private_endpoint_vnet_policies": "Disabled",
            "resource_group_name": "rg-burgerbuilder-prod",
            "subnet": [
              {
                "address_prefixes": [
                  "10.0.1.0/24"
                ],
                "default_outbound_access_enabled": true,
                "delegation": [],
                "id": "/subscriptions/80646857-9142-494b-90c5-32fea6acbc41/resourceGroups/rg-burgerbuilder-prod/providers/Microsoft.Network/virtualNetworks/vnet-burgerbuilder-prod/subnets/snet-appgw",
                "name": "snet-appgw",
                "private_endpoint_network_policies": "Disabled",
                "private_link_service_network_policies_enabled": true,
                "route_table_id": "",
                "security_group": "/subscriptions/80646857-9142-494b-90c5-32fea6acbc41/resourceGroups/rg-burgerbuilder-prod/providers/Microsoft.Network/networkSecurityGroups/nsg-appgw",
                "service_endpoint_policy_ids": [],
                "service_endpoints": []
              },
              {
                "address_prefixes": [
                  "10.0.10.0/24"
                ],
                "default_outbound_access_enabled": true,
                "delegation": [],
                "id": "/subscriptions/80646857-9142-494b-90c5-32fea6acbc41/resourceGroups/rg-burgerbuilder-prod/providers/Microsoft.Network/virtualNetworks/vnet-burgerbuilder-prod/subnets/snet-frontend",
                "name": "snet-frontend",
                "private_endpoint_network_policies": "Disabled",
                "private_link_service_network_policies_enabled": true,
                "route_table_id": "",
                "security_group": "/subscriptions/80646857-9142-494b-90c5-32fea6acbc41/resourceGroups/rg-burgerbuilder-prod/providers/Microsoft.Network/networkSecurityGroups/nsg-frontend",
                "service_endpoint_policy_ids": [],
                "service_endpoints": []
              },
              {
                "address_prefixes": [
                  "10.0.20.0/24"
                ],
                "default_outbound_access_enabled": true,
                "delegation": [],
                "id": "/subscriptions/80646857-9142-494b-90c5-32fea6acbc41/resourceGroups/rg-burgerbuilder-prod/providers/Microsoft.Network/virtualNetworks/vnet-burgerbuilder-prod/subnets/snet-backend",
                "name": "snet-backend",
                "private_endpoint_network_policies": "Disabled",
                "private_link_service_network_policies_enabled": true,
                "route_table_id": "",
                "security_group": "/subscriptions/80646857-9142-494b-90c5-32fea6acbc41/resourceGroups/rg-burgerbuilder-prod/providers/Microsoft.Network/networkSecurityGroups/nsg-backend",
                "service_endpoint_policy_ids": [],
                "service_endpoints": []
              },
              {
                "address_prefixes": [
                  "10.0.30.0/24"
                ],
                "default_outbound_access_enabled": true,
                "delegation": [],
                "id": "/subscriptions/80646857-9142-494b-90c5-32fea6acbc41/resourceGroups/rg-burgerbuilder-prod/providers/Microsoft.Network/virtualNetworks/vnet-burgerbuilder-prod/subnets/snet-ops",
                "name": "snet-ops",
                "private_endpoint_network_policies": "Disabled",
                "private_link_service_network_policies_enabled": true,
                "route_table_id": "",
                "security_group": "/subscriptions/80646857-9142-494b-90c5-32fea6acbc41/resourceGroups/rg-burgerbuilder-prod/providers/Microsoft.Network/networkSecurityGroups/nsg-ops",
                "service_endpoint_policy_ids": [],
                "service_endpoints": []
              },
              {
                "address_prefixes": [
                  "10.0.40.0/24"
                ],
                "default_outbound_access_enabled": true,
                "delegation": [],
                "id": "/subscriptions/80646857-9142-494b-90c5-32fea6acbc41/resourceGroups/rg-burgerbuilder-prod/providers/Microsoft.Network/virtualNetworks/vnet-burgerbuilder-prod/subnets/snet-data",
                "name": "snet-data",
                "private_endpoint_network_policies": "Disabled",
                "private_link_service_network_policies_enabled": true,
                "route_table_id": "",
                "security_group": "",
                "service_endpoint_policy_ids": [],
                "service_endpoints": []
              }
            ],
            "tags": {},
            "timeouts": null
          },
          "sensitive_attributes": [],
          "identity_schema_version": 0,
          "identity": {
            "name": "vnet-burgerbuilder-prod",
            "resource_group_name": "rg-burgerbuilder-prod",
            "subscription_id": "80646857-9142-494b-90c5-32fea6acbc41"
          },
          "private": "eyJlMmJmYjczMC1lY2FhLTExZTYtOGY4OC0zNDM2M2JjN2M0YzAiOnsiY3JlYXRlIjoxODAwMDAwMDAwMDAwLCJkZWxldGUiOjE4MDAwMDAwMDAwMDAsInJlYWQiOjMwMDAwMDAwMDAwMCwidXBkYXRlIjoxODAwMDAwMDAwMDAwfX0=",
          "dependencies": [
            "azurerm_resource_group.rg_main"
          ]
        }
      ]
    },
    {
      "mode": "managed",
      "type": "random_integer",
      "name": "random",
      "provider": "provider[\"registry.terraform.io/hashicorp/random\"]",
      "instances": [
        {
          "schema_version": 0,
          "attributes": {
            "id": "2147",
            "keepers": null,
            "max": 9999,
            "min": 1000,
            "result": 2147,
            "seed": null
          },
          "sensitive_attributes": [],
          "identity_schema_version": 0
        }
      ]
    }
  ],
  "check_results": null
}
